# THIS IS AN AUTOGENERATED FILE. DO NOT EDIT THIS FILE DIRECTLY.
# yarn lockfile v1


"@orchidjs/sifter@^0.9.0":
  version "0.9.0"
  resolved "https://registry.yarnpkg.com/@orchidjs/sifter/-/sifter-0.9.0.tgz#07eab78de2ac1799d2c169bf1f2e3e746d86c32c"
  integrity sha512-NDYPhjdydJNbwDRvMFyUFFeImj1a+CJAwpjh/goKmvTHi726DPAJ1nW0X05p/GsorQgXHwhgDPyu6WaYqd4cRA==

sortablejs@^1.14.0:
  version "1.14.0"
  resolved "https://registry.yarnpkg.com/sortablejs/-/sortablejs-1.14.0.tgz#6d2e17ccbdb25f464734df621d4f35d4ab35b3d8"
  integrity sha512-pBXvQCs5/33fdN1/39pPL0NZF20LeRbLQ5jtnheIPN9JQAaufGjKdWduZn4U7wCtVuzKhmRkI0DFYHYRbB2H1w==

tom-select@^2.0.0:
  version "2.0.0"
  resolved "https://registry.yarnpkg.com/tom-select/-/tom-select-2.0.0.tgz#751ac1087cce29bd40e09f1a604e9ad69451fc86"
  integrity sha512-ArECm8bNnv8GMTpvSQawesKX6IDv32cylqivjbghwCddYwfngmz+nOtEhQZkEye7BY415eutqhb4XYim2EL8Hg==
  dependencies:
    "@orchidjs/sifter" "^0.9.0"
